
Microsoft Visual Studio Solution File, Format Version 12.00
# Visual Studio Version 17
VisualStudioVersion = 17.1.32210.238
MinimumVisualStudioVersion = 10.0.40219.1
Project("{FAE04EC0-301F-11D3-BF4B-00C04F79EFBC}") = "TP_KPL", "TP_KPL\TP_KPL.csproj", "{205902A0-07B8-43C7-8AD7-428D4EEFD92E}"
EndProject
Global
	GlobalSection(SolutionConfigurationPlatforms) = preSolution
		Debug|Any CPU = Debug|Any CPU
		Release|Any CPU = Release|Any CPU
	EndGlobalSection
	GlobalSection(ProjectConfigurationPlatforms) = postSolution
		{205902A0-07B8-43C7-8AD7-428D4EEFD92E}.Debug|Any CPU.ActiveCfg = Debug|Any CPU
		{205902A0-07B8-43C7-8AD7-428D4EEFD92E}.Debug|Any CPU.Build.0 = Debug|Any CPU
		{205902A0-07B8-43C7-8AD7-428D4EEFD92E}.Release|Any CPU.ActiveCfg = Release|Any CPU
		{205902A0-07B8-43C7-8AD7-428D4EEFD92E}.Release|Any CPU.Build.0 = Release|Any CPU
	EndGlobalSection
	GlobalSection(SolutionProperties) = preSolution
		HideSolutionNode = FALSE
	EndGlobalSection
	GlobalSection(ExtensibilityGlobals) = postSolution
		SolutionGuid = {C2A48BB9-FA8F-4D5A-8301-135D08C7113B}
	EndGlobalSection
EndGlobal
